// !$*UTF8*$!
{
	archiveVersion = 1;
	classes = {
	};
	objectVersion = 50;
	objects = {

/* Begin PBXBuildFile section */
		5832436627E9B893002AFB65 /* InlineChartVC.swift in Sources */ = {isa = PBXBuildFile; fileRef = 5832436527E9B893002AFB65 /* InlineChartVC.swift */; };
		584EF2FE260767D500546D3D /* AppDelegate.swift in Sources */ = {isa = PBXBuildFile; fileRef = 584EF2FD260767D500546D3D /* AppDelegate.swift */; };
		584EF300260767D500546D3D /* SceneDelegate.swift in Sources */ = {isa = PBXBuildFile; fileRef = 584EF2FF260767D500546D3D /* SceneDelegate.swift */; };
		584EF302260767D500546D3D /* BarChartsVC.swift in Sources */ = {isa = PBXBuildFile; fileRef = 584EF301260767D500546D3D /* BarChartsVC.swift */; };
		584EF305260767D500546D3D /* Main.storyboard in Resources */ = {isa = PBXBuildFile; fileRef = 584EF303260767D500546D3D /* Main.storyboard */; };
		584EF307260767D700546D3D /* Assets.xcassets in Resources */ = {isa = PBXBuildFile; fileRef = 584EF306260767D700546D3D /* Assets.xcassets */; };
		584EF30A260767D700546D3D /* LaunchScreen.storyboard in Resources */ = {isa = PBXBuildFile; fileRef = 584EF308260767D700546D3D /* LaunchScreen.storyboard */; };
		584EF318260768B700546D3D /* BarChart.swift in Sources */ = {isa = PBXBuildFile; fileRef = 584EF317260768B700546D3D /* BarChart.swift */; };
		584EF31B2607690400546D3D /* CALayer+Ext.swift in Sources */ = {isa = PBXBuildFile; fileRef = 584EF31A2607690400546D3D /* CALayer+Ext.swift */; };
		584EF31E2607691C00546D3D /* Animations.swift in Sources */ = {isa = PBXBuildFile; fileRef = 584EF31D2607691C00546D3D /* Animations.swift */; };
		584EF3212607699C00546D3D /* UIColor+Ext.swift in Sources */ = {isa = PBXBuildFile; fileRef = 584EF3202607699C00546D3D /* UIColor+Ext.swift */; };
		58EDF0CE279C4E44001F4EED /* RoundedChartVC.swift in Sources */ = {isa = PBXBuildFile; fileRef = 58EDF0CD279C4E44001F4EED /* RoundedChartVC.swift */; };
		58EDF0D5279F38FE001F4EED /* RoundedChart.swift in Sources */ = {isa = PBXBuildFile; fileRef = 58EDF0D4279F38FE001F4EED /* RoundedChart.swift */; };
/* End PBXBuildFile section */

/* Begin PBXFileReference section */
		5832436527E9B893002AFB65 /* InlineChartVC.swift */ = {isa = PBXFileReference; lastKnownFileType = sourcecode.swift; path = InlineChartVC.swift; sourceTree = "<group>"; };
		584EF2FA260767D500546D3D /* Charts.app */ = {isa = PBXFileReference; explicitFileType = wrapper.application; includeInIndex = 0; path = Charts.app; sourceTree = BUILT_PRODUCTS_DIR; };
		584EF2FD260767D500546D3D /* AppDelegate.swift */ = {isa = PBXFileReference; lastKnownFileType = sourcecode.swift; path = AppDelegate.swift; sourceTree = "<group>"; };
		584EF2FF260767D500546D3D /* SceneDelegate.swift */ = {isa = PBXFileReference; lastKnownFileType = sourcecode.swift; path = SceneDelegate.swift; sourceTree = "<group>"; };
		584EF301260767D500546D3D /* BarChartsVC.swift */ = {isa = PBXFileReference; lastKnownFileType = sourcecode.swift; path = BarChartsVC.swift; sourceTree = "<group>"; };
		584EF304260767D500546D3D /* Base */ = {isa = PBXFileReference; lastKnownFileType = file.storyboard; name = Base; path = Base.lproj/Main.storyboard; sourceTree = "<group>"; };
		584EF306260767D700546D3D /* Assets.xcassets */ = {isa = PBXFileReference; lastKnownFileType = folder.assetcatalog; path = Assets.xcassets; sourceTree = "<group>"; };
		584EF309260767D700546D3D /* Base */ = {isa = PBXFileReference; lastKnownFileType = file.storyboard; name = Base; path = Base.lproj/LaunchScreen.storyboard; sourceTree = "<group>"; };
		584EF30B260767D700546D3D /* Info.plist */ = {isa = PBXFileReference; lastKnownFileType = text.plist.xml; path = Info.plist; sourceTree = "<group>"; };
		584EF317260768B700546D3D /* BarChart.swift */ = {isa = PBXFileReference; lastKnownFileType = sourcecode.swift; path = BarChart.swift; sourceTree = "<group>"; };
		584EF31A2607690400546D3D /* CALayer+Ext.swift */ = {isa = PBXFileReference; lastKnownFileType = sourcecode.swift; path = "CALayer+Ext.swift"; sourceTree = "<group>"; };
		584EF31D2607691C00546D3D /* Animations.swift */ = {isa = PBXFileReference; lastKnownFileType = sourcecode.swift; path = Animations.swift; sourceTree = "<group>"; };
		584EF3202607699C00546D3D /* UIColor+Ext.swift */ = {isa = PBXFileReference; lastKnownFileType = sourcecode.swift; path = "UIColor+Ext.swift"; sourceTree = "<group>"; };
		58EDF0CD279C4E44001F4EED /* RoundedChartVC.swift */ = {isa = PBXFileReference; lastKnownFileType = sourcecode.swift; path = RoundedChartVC.swift; sourceTree = "<group>"; };
		58EDF0D4279F38FE001F4EED /* RoundedChart.swift */ = {isa = PBXFileReference; lastKnownFileType = sourcecode.swift; path = RoundedChart.swift; sourceTree = "<group>"; };
/* End PBXFileReference section */

/* Begin PBXFrameworksBuildPhase section */
		584EF2F7260767D500546D3D /* Frameworks */ = {
			isa = PBXFrameworksBuildPhase;
			buildActionMask = 2147483647;
			files = (
			);
			runOnlyForDeploymentPostprocessing = 0;
		};
/* End PBXFrameworksBuildPhase section */

/* Begin PBXGroup section */
		584EF2F1260767D500546D3D = {
			isa = PBXGroup;
			children = (
				584EF2FC260767D500546D3D /* Charts */,
				584EF2FB260767D500546D3D /* Products */,
			);
			sourceTree = "<group>";
		};
		584EF2FB260767D500546D3D /* Products */ = {
			isa = PBXGroup;
			children = (
				584EF2FA260767D500546D3D /* Charts.app */,
			);
			name = Products;
			sourceTree = "<group>";
		};
		584EF2FC260767D500546D3D /* Charts */ = {
			isa = PBXGroup;
			children = (
				584EF3132607685600546D3D /* System */,
				58EDF0D2279F38A3001F4EED /* UI */,
				58EDF0CF279F387F001F4EED /* Extensions */,
				58EDF0D3279F38B0001F4EED /* Storyboard */,
				584EF3152607686300546D3D /* Resources */,
			);
			path = Charts;
			sourceTree = "<group>";
		};
		584EF3132607685600546D3D /* System */ = {
			isa = PBXGroup;
			children = (
				584EF2FD260767D500546D3D /* AppDelegate.swift */,
				584EF2FF260767D500546D3D /* SceneDelegate.swift */,
			);
			path = System;
			sourceTree = "<group>";
		};
		584EF3152607686300546D3D /* Resources */ = {
			isa = PBXGroup;
			children = (
				584EF306260767D700546D3D /* Assets.xcassets */,
				584EF308260767D700546D3D /* LaunchScreen.storyboard */,
				584EF30B260767D700546D3D /* Info.plist */,
			);
			path = Resources;
			sourceTree = "<group>";
		};
		58EDF0CF279F387F001F4EED /* Extensions */ = {
			isa = PBXGroup;
			children = (
				584EF3202607699C00546D3D /* UIColor+Ext.swift */,
				584EF31A2607690400546D3D /* CALayer+Ext.swift */,
			);
			path = Extensions;
			sourceTree = "<group>";
		};
		58EDF0D0279F388B001F4EED /* Controllers */ = {
			isa = PBXGroup;
			children = (
				584EF301260767D500546D3D /* BarChartsVC.swift */,
				58EDF0CD279C4E44001F4EED /* RoundedChartVC.swift */,
				5832436527E9B893002AFB65 /* InlineChartVC.swift */,
			);
			path = Controllers;
			sourceTree = "<group>";
		};
		58EDF0D1279F3898001F4EED /* Charts */ = {
			isa = PBXGroup;
			children = (
				584EF31D2607691C00546D3D /* Animations.swift */,
				584EF317260768B700546D3D /* BarChart.swift */,
				58EDF0D4279F38FE001F4EED /* RoundedChart.swift */,
			);
			path = Charts;
			sourceTree = "<group>";
		};
		58EDF0D2279F38A3001F4EED /* UI */ = {
			isa = PBXGroup;
			children = (
				58EDF0D0279F388B001F4EED /* Controllers */,
				58EDF0D1279F3898001F4EED /* Charts */,
			);
			path = UI;
			sourceTree = "<group>";
		};
		58EDF0D3279F38B0001F4EED /* Storyboard */ = {
			isa = PBXGroup;
			children = (
				584EF303260767D500546D3D /* Main.storyboard */,
			);
			path = Storyboard;
			sourceTree = "<group>";
		};
/* End PBXGroup section */

/* Begin PBXNativeTarget section */
		584EF2F9260767D500546D3D /* Charts */ = {
			isa = PBXNativeTarget;
			buildConfigurationList = 584EF30E260767D700546D3D /* Build configuration list for PBXNativeTarget "Charts" */;
			buildPhases = (
				584EF2F6260767D500546D3D /* Sources */,
				584EF2F7260767D500546D3D /* Frameworks */,
				584EF2F8260767D500546D3D /* Resources */,
			);
			buildRules = (
			);
			dependencies = (
			);
			name = Charts;
			productName = Charts;
			productReference = 584EF2FA260767D500546D3D /* Charts.app */;
			productType = "com.apple.product-type.application";
		};
/* End PBXNativeTarget section */

/* Begin PBXProject section */
		584EF2F2260767D500546D3D /* Project object */ = {
			isa = PBXProject;
			attributes = {
				LastSwiftUpdateCheck = 1240;
				LastUpgradeCheck = 1240;
				TargetAttributes = {
					584EF2F9260767D500546D3D = {
						CreatedOnToolsVersion = 12.4;
					};
				};
			};
			buildConfigurationList = 584EF2F5260767D500546D3D /* Build configuration list for PBXProject "Charts" */;
			compatibilityVersion = "Xcode 9.3";
			developmentRegion = en;
			hasScannedForEncodings = 0;
			knownRegions = (
				en,
				Base,
			);
			mainGroup = 584EF2F1260767D500546D3D;
			productRefGroup = 584EF2FB260767D500546D3D /* Products */;
			projectDirPath = "";
			projectRoot = "";
			targets = (
				584EF2F9260767D500546D3D /* Charts */,
			);
		};
/* End PBXProject section */

/* Begin PBXResourcesBuildPhase section */
		584EF2F8260767D500546D3D /* Resources */ = {
			isa = PBXResourcesBuildPhase;
			buildActionMask = 2147483647;
			files = (
				584EF30A260767D700546D3D /* LaunchScreen.storyboard in Resources */,
				584EF307260767D700546D3D /* Assets.xcassets in Resources */,
				584EF305260767D500546D3D /* Main.storyboard in Resources */,
			);
			runOnlyForDeploymentPostprocessing = 0;
		};
/* End PBXResourcesBuildPhase section */

/* Begin PBXSourcesBuildPhase section */
		584EF2F6260767D500546D3D /* Sources */ = {
			isa = PBXSourcesBuildPhase;
			buildActionMask = 2147483647;
			files = (
				584EF3212607699C00546D3D /* UIColor+Ext.swift in Sources */,
				584EF318260768B700546D3D /* BarChart.swift in Sources */,
				58EDF0D5279F38FE001F4EED /* RoundedChart.swift in Sources */,
				584EF302260767D500546D3D /* BarChartsVC.swift in Sources */,
				5832436627E9B893002AFB65 /* InlineChartVC.swift in Sources */,
				58EDF0CE279C4E44001F4EED /* RoundedChartVC.swift in Sources */,
				584EF31E2607691C00546D3D /* Animations.swift in Sources */,
				584EF2FE260767D500546D3D /* AppDelegate.swift in Sources */,
				584EF300260767D500546D3D /* SceneDelegate.swift in Sources */,
				584EF31B2607690400546D3D /* CALayer+Ext.swift in Sources */,
			);
			runOnlyForDeploymentPostprocessing = 0;
		};
/* End PBXSourcesBuildPhase section */

/* Begin PBXVariantGroup section */
		584EF303260767D500546D3D /* Main.storyboard */ = {
			isa = PBXVariantGroup;
			children = (
				584EF304260767D500546D3D /* Base */,
			);
			name = Main.storyboard;
			sourceTree = "<group>";
		};
		584EF308260767D700546D3D /* LaunchScreen.storyboard */ = {
			isa = PBXVariantGroup;
			children = (
				584EF309260767D700546D3D /* Base */,
			);
			name = LaunchScreen.storyboard;
			sourceTree = "<group>";
		};
/* End PBXVariantGroup section */

/* Begin XCBuildConfiguration section */
		584EF30C260767D700546D3D /* Debug */ = {
			isa = XCBuildConfiguration;
			buildSettings = {
				ALWAYS_SEARCH_USER_PATHS = NO;
				CLANG_ANALYZER_NONNULL = YES;
				CLANG_ANALYZER_NUMBER_OBJECT_CONVERSION = YES_AGGRESSIVE;
				CLANG_CXX_LANGUAGE_STANDARD = "gnu++14";
				CLANG_CXX_LIBRARY = "libc++";
				CLANG_ENABLE_MODULES = YES;
				CLANG_ENABLE_OBJC_ARC = YES;
				CLANG_ENABLE_OBJC_WEAK = YES;
				CLANG_WARN_BLOCK_CAPTURE_AUTORELEASING = YES;
				CLANG_WARN_BOOL_CONVERSION = YES;
				CLANG_WARN_COMMA = YES;
				CLANG_WARN_CONSTANT_CONVERSION = YES;
				CLANG_WARN_DEPRECATED_OBJC_IMPLEMENTATIONS = YES;
				CLANG_WARN_DIRECT_OBJC_ISA_USAGE = YES_ERROR;
				CLANG_WARN_DOCUMENTATION_COMMENTS = YES;
				CLANG_WARN_EMPTY_BODY = YES;
				CLANG_WARN_ENUM_CONVERSION = YES;
				CLANG_WARN_INFINITE_RECURSION = YES;
				CLANG_WARN_INT_CONVERSION = YES;
				CLANG_WARN_NON_LITERAL_NULL_CONVERSION = YES;
				CLANG_WARN_OBJC_IMPLICIT_RETAIN_SELF = YES;
				CLANG_WARN_OBJC_LITERAL_CONVERSION = YES;
				CLANG_WARN_OBJC_ROOT_CLASS = YES_ERROR;
				CLANG_WARN_QUOTED_INCLUDE_IN_FRAMEWORK_HEADER = YES;
				CLANG_WARN_RANGE_LOOP_ANALYSIS = YES;
				CLANG_WARN_STRICT_PROTOTYPES = YES;
				CLANG_WARN_SUSPICIOUS_MOVE = YES;
				CLANG_WARN_UNGUARDED_AVAILABILITY = YES_AGGRESSIVE;
				CLANG_WARN_UNREACHABLE_CODE = YES;
				CLANG_WARN__DUPLICATE_METHOD_MATCH = YES;
				COPY_PHASE_STRIP = NO;
				DEBUG_INFORMATION_FORMAT = dwarf;
				ENABLE_STRICT_OBJC_MSGSEND = YES;
				ENABLE_TESTABILITY = YES;
				GCC_C_LANGUAGE_STANDARD = gnu11;
				GCC_DYNAMIC_NO_PIC = NO;
				GCC_NO_COMMON_BLOCKS = YES;
				GCC_OPTIMIZATION_LEVEL = 0;
				GCC_PREPROCESSOR_DEFINITIONS = (
					"DEBUG=1",
					"$(inherited)",
				);
				GCC_WARN_64_TO_32_BIT_CONVERSION = YES;
				GCC_WARN_ABOUT_RETURN_TYPE = YES_ERROR;
				GCC_WARN_UNDECLARED_SELECTOR = YES;
				GCC_WARN_UNINITIALIZED_AUTOS = YES_AGGRESSIVE;
				GCC_WARN_UNUSED_FUNCTION = YES;
				GCC_WARN_UNUSED_VARIABLE = YES;
				IPHONEOS_DEPLOYMENT_TARGET = 14.4;
				MTL_ENABLE_DEBUG_INFO = INCLUDE_SOURCE;
				MTL_FAST_MATH = YES;
				ONLY_ACTIVE_ARCH = YES;
				SDKROOT = iphoneos;
				SWIFT_ACTIVE_COMPILATION_CONDITIONS = DEBUG;
				SWIFT_OPTIMIZATION_LEVEL = "-Onone";
			};
			name = Debug;
		};
		584EF30D260767D700546D3D /* Release */ = {
			isa = XCBuildConfiguration;
			buildSettings = {
				ALWAYS_SEARCH_USER_PATHS = NO;
				CLANG_ANALYZER_NONNULL = YES;
				CLANG_ANALYZER_NUMBER_OBJECT_CONVERSION = YES_AGGRESSIVE;
				CLANG_CXX_LANGUAGE_STANDARD = "gnu++14";
				CLANG_CXX_LIBRARY = "libc++";
				CLANG_ENABLE_MODULES = YES;
				CLANG_ENABLE_OBJC_ARC = YES;
				CLANG_ENABLE_OBJC_WEAK = YES;
				CLANG_WARN_BLOCK_CAPTURE_AUTORELEASING = YES;
				CLANG_WARN_BOOL_CONVERSION = YES;
				CLANG_WARN_COMMA = YES;
				CLANG_WARN_CONSTANT_CONVERSION = YES;
				CLANG_WARN_DEPRECATED_OBJC_IMPLEMENTATIONS = YES;
				CLANG_WARN_DIRECT_OBJC_ISA_USAGE = YES_ERROR;
				CLANG_WARN_DOCUMENTATION_COMMENTS = YES;
				CLANG_WARN_EMPTY_BODY = YES;
				CLANG_WARN_ENUM_CONVERSION = YES;
				CLANG_WARN_INFINITE_RECURSION = YES;
				CLANG_WARN_INT_CONVERSION = YES;
				CLANG_WARN_NON_LITERAL_NULL_CONVERSION = YES;
				CLANG_WARN_OBJC_IMPLICIT_RETAIN_SELF = YES;
				CLANG_WARN_OBJC_LITERAL_CONVERSION = YES;
				CLANG_WARN_OBJC_ROOT_CLASS = YES_ERROR;
				CLANG_WARN_QUOTED_INCLUDE_IN_FRAMEWORK_HEADER = YES;
				CLANG_WARN_RANGE_LOOP_ANALYSIS = YES;
				CLANG_WARN_STRICT_PROTOTYPES = YES;
				CLANG_WARN_SUSPICIOUS_MOVE = YES;
				CLANG_WARN_UNGUARDED_AVAILABILITY = YES_AGGRESSIVE;
				CLANG_WARN_UNREACHABLE_CODE = YES;
				CLANG_WARN__DUPLICATE_METHOD_MATCH = YES;
				COPY_PHASE_STRIP = NO;
				DEBUG_INFORMATION_FORMAT = "dwarf-with-dsym";
				ENABLE_NS_ASSERTIONS = NO;
				ENABLE_STRICT_OBJC_MSGSEND = YES;
				GCC_C_LANGUAGE_STANDARD = gnu11;
				GCC_NO_COMMON_BLOCKS = YES;
				GCC_WARN_64_TO_32_BIT_CONVERSION = YES;
				GCC_WARN_ABOUT_RETURN_TYPE = YES_ERROR;
				GCC_WARN_UNDECLARED_SELECTOR = YES;
				GCC_WARN_UNINITIALIZED_AUTOS = YES_AGGRESSIVE;
				GCC_WARN_UNUSED_FUNCTION = YES;
				GCC_WARN_UNUSED_VARIABLE = YES;
				IPHONEOS_DEPLOYMENT_TARGET = 14.4;
				MTL_ENABLE_DEBUG_INFO = NO;
				MTL_FAST_MATH = YES;
				SDKROOT = iphoneos;
				SWIFT_COMPILATION_MODE = wholemodule;
				SWIFT_OPTIMIZATION_LEVEL = "-O";
				VALIDATE_PRODUCT = YES;
			};
			name = Release;
		};
		584EF30F260767D700546D3D /* Debug */ = {
			isa = XCBuildConfiguration;
			buildSettings = {
				ASSETCATALOG_COMPILER_APPICON_NAME = AppIcon;
				ASSETCATALOG_COMPILER_GLOBAL_ACCENT_COLOR_NAME = AccentColor;
				CODE_SIGN_STYLE = Automatic;
				DEVELOPMENT_TEAM = U338449W69;
				INFOPLIST_FILE = Charts/Resources/Info.plist;
				IPHONEOS_DEPLOYMENT_TARGET = 13.0;
				LD_RUNPATH_SEARCH_PATHS = (
					"$(inherited)",
					"@executable_path/Frameworks",
				);
				PRODUCT_BUNDLE_IDENTIFIER = custom.charts.Charts;
				PRODUCT_NAME = "$(TARGET_NAME)";
				SWIFT_VERSION = 5.0;
				TARGETED_DEVICE_FAMILY = 1;
			};
			name = Debug;
		};
		584EF310260767D700546D3D /* Release */ = {
			isa = XCBuildConfiguration;
			buildSettings = {
				ASSETCATALOG_COMPILER_APPICON_NAME = AppIcon;
				ASSETCATALOG_COMPILER_GLOBAL_ACCENT_COLOR_NAME = AccentColor;
				CODE_SIGN_STYLE = Automatic;
				DEVELOPMENT_TEAM = U338449W69;
				INFOPLIST_FILE = Charts/Resources/Info.plist;
				IPHONEOS_DEPLOYMENT_TARGET = 13.0;
				LD_RUNPATH_SEARCH_PATHS = (
					"$(inherited)",
					"@executable_path/Frameworks",
				);
				PRODUCT_BUNDLE_IDENTIFIER = custom.charts.Charts;
				PRODUCT_NAME = "$(TARGET_NAME)";
				SWIFT_VERSION = 5.0;
				TARGETED_DEVICE_FAMILY = 1;
			};
			name = Release;
		};
/* End XCBuildConfiguration section */

/* Begin XCConfigurationList section */
		584EF2F5260767D500546D3D /* Build configuration list for PBXProject "Charts" */ = {
			isa = XCConfigurationList;
			buildConfigurations = (
				584EF30C260767D700546D3D /* Debug */,
				584EF30D260767D700546D3D /* Release */,
			);
			defaultConfigurationIsVisible = 0;
			defaultConfigurationName = Release;
		};
		584EF30E260767D700546D3D /* Build configuration list for PBXNativeTarget "Charts" */ = {
			isa = XCConfigurationList;
			buildConfigurations = (
				584EF30F260767D700546D3D /* Debug */,
				584EF310260767D700546D3D /* Release */,
			);
			defaultConfigurationIsVisible = 0;
			defaultConfigurationName = Release;
		};
/* End XCConfigurationList section */
	};
	rootObject = 584EF2F2260767D500546D3D /* Project object */;
}
